
Microsoft Visual Studio Solution File, Format Version 12.00
# Visual Studio 15
VisualStudioVersion = 15.0.26124.0
MinimumVisualStudioVersion = 15.0.26124.0
Project("{FAE04EC0-301F-11D3-BF4B-00C04F79EFBC}") = "Domain", "Domain\Domain.csproj", "{43AFAE29-4CDA-4143-98BC-A9CBBCD787F2}"
EndProject
Project("{FAE04EC0-301F-11D3-BF4B-00C04F79EFBC}") = "Application", "Application\Application.csproj", "{94289E85-9CBD-4E95-9AA6-6D520FCCF290}"
EndProject
Project("{FAE04EC0-301F-11D3-BF4B-00C04F79EFBC}") = "API", "API\API.csproj", "{3DB1BB22-BAFC-4A4D-9C98-76825F3D5FA8}"
EndProject
Project("{FAE04EC0-301F-11D3-BF4B-00C04F79EFBC}") = "Persistence", "Persistence\Persistence.csproj", "{E6BB2FC7-B6DF-4462-9275-FA518068F298}"
EndProject
Global
	GlobalSection(SolutionConfigurationPlatforms) = preSolution
		Debug|Any CPU = Debug|Any CPU
		Debug|x64 = Debug|x64
		Debug|x86 = Debug|x86
		Release|Any CPU = Release|Any CPU
		Release|x64 = Release|x64
		Release|x86 = Release|x86
	EndGlobalSection
	GlobalSection(SolutionProperties) = preSolution
		HideSolutionNode = FALSE
	EndGlobalSection
	GlobalSection(ProjectConfigurationPlatforms) = postSolution
		{43AFAE29-4CDA-4143-98BC-A9CBBCD787F2}.Debug|Any CPU.ActiveCfg = Debug|Any CPU
		{43AFAE29-4CDA-4143-98BC-A9CBBCD787F2}.Debug|Any CPU.Build.0 = Debug|Any CPU
		{43AFAE29-4CDA-4143-98BC-A9CBBCD787F2}.Debug|x64.ActiveCfg = Debug|Any CPU
		{43AFAE29-4CDA-4143-98BC-A9CBBCD787F2}.Debug|x64.Build.0 = Debug|Any CPU
		{43AFAE29-4CDA-4143-98BC-A9CBBCD787F2}.Debug|x86.ActiveCfg = Debug|Any CPU
		{43AFAE29-4CDA-4143-98BC-A9CBBCD787F2}.Debug|x86.Build.0 = Debug|Any CPU
		{43AFAE29-4CDA-4143-98BC-A9CBBCD787F2}.Release|Any CPU.ActiveCfg = Release|Any CPU
		{43AFAE29-4CDA-4143-98BC-A9CBBCD787F2}.Release|Any CPU.Build.0 = Release|Any CPU
		{43AFAE29-4CDA-4143-98BC-A9CBBCD787F2}.Release|x64.ActiveCfg = Release|Any CPU
		{43AFAE29-4CDA-4143-98BC-A9CBBCD787F2}.Release|x64.Build.0 = Release|Any CPU
		{43AFAE29-4CDA-4143-98BC-A9CBBCD787F2}.Release|x86.ActiveCfg = Release|Any CPU
		{43AFAE29-4CDA-4143-98BC-A9CBBCD787F2}.Release|x86.Build.0 = Release|Any CPU
		{94289E85-9CBD-4E95-9AA6-6D520FCCF290}.Debug|Any CPU.ActiveCfg = Debug|Any CPU
		{94289E85-9CBD-4E95-9AA6-6D520FCCF290}.Debug|Any CPU.Build.0 = Debug|Any CPU
		{94289E85-9CBD-4E95-9AA6-6D520FCCF290}.Debug|x64.ActiveCfg = Debug|Any CPU
		{94289E85-9CBD-4E95-9AA6-6D520FCCF290}.Debug|x64.Build.0 = Debug|Any CPU
		{94289E85-9CBD-4E95-9AA6-6D520FCCF290}.Debug|x86.ActiveCfg = Debug|Any CPU
		{94289E85-9CBD-4E95-9AA6-6D520FCCF290}.Debug|x86.Build.0 = Debug|Any CPU
		{94289E85-9CBD-4E95-9AA6-6D520FCCF290}.Release|Any CPU.ActiveCfg = Release|Any CPU
		{94289E85-9CBD-4E95-9AA6-6D520FCCF290}.Release|Any CPU.Build.0 = Release|Any CPU
		{94289E85-9CBD-4E95-9AA6-6D520FCCF290}.Release|x64.ActiveCfg = Release|Any CPU
		{94289E85-9CBD-4E95-9AA6-6D520FCCF290}.Release|x64.Build.0 = Release|Any CPU
		{94289E85-9CBD-4E95-9AA6-6D520FCCF290}.Release|x86.ActiveCfg = Release|Any CPU
		{94289E85-9CBD-4E95-9AA6-6D520FCCF290}.Release|x86.Build.0 = Release|Any CPU
		{3DB1BB22-BAFC-4A4D-9C98-76825F3D5FA8}.Debug|Any CPU.ActiveCfg = Debug|Any CPU
		{3DB1BB22-BAFC-4A4D-9C98-76825F3D5FA8}.Debug|Any CPU.Build.0 = Debug|Any CPU
		{3DB1BB22-BAFC-4A4D-9C98-76825F3D5FA8}.Debug|x64.ActiveCfg = Debug|Any CPU
		{3DB1BB22-BAFC-4A4D-9C98-76825F3D5FA8}.Debug|x64.Build.0 = Debug|Any CPU
		{3DB1BB22-BAFC-4A4D-9C98-76825F3D5FA8}.Debug|x86.ActiveCfg = Debug|Any CPU
		{3DB1BB22-BAFC-4A4D-9C98-76825F3D5FA8}.Debug|x86.Build.0 = Debug|Any CPU
		{3DB1BB22-BAFC-4A4D-9C98-76825F3D5FA8}.Release|Any CPU.ActiveCfg = Release|Any CPU
		{3DB1BB22-BAFC-4A4D-9C98-76825F3D5FA8}.Release|Any CPU.Build.0 = Release|Any CPU
		{3DB1BB22-BAFC-4A4D-9C98-76825F3D5FA8}.Release|x64.ActiveCfg = Release|Any CPU
		{3DB1BB22-BAFC-4A4D-9C98-76825F3D5FA8}.Release|x64.Build.0 = Release|Any CPU
		{3DB1BB22-BAFC-4A4D-9C98-76825F3D5FA8}.Release|x86.ActiveCfg = Release|Any CPU
		{3DB1BB22-BAFC-4A4D-9C98-76825F3D5FA8}.Release|x86.Build.0 = Release|Any CPU
		{E6BB2FC7-B6DF-4462-9275-FA518068F298}.Debug|Any CPU.ActiveCfg = Debug|Any CPU
		{E6BB2FC7-B6DF-4462-9275-FA518068F298}.Debug|Any CPU.Build.0 = Debug|Any CPU
		{E6BB2FC7-B6DF-4462-9275-FA518068F298}.Debug|x64.ActiveCfg = Debug|Any CPU
		{E6BB2FC7-B6DF-4462-9275-FA518068F298}.Debug|x64.Build.0 = Debug|Any CPU
		{E6BB2FC7-B6DF-4462-9275-FA518068F298}.Debug|x86.ActiveCfg = Debug|Any CPU
		{E6BB2FC7-B6DF-4462-9275-FA518068F298}.Debug|x86.Build.0 = Debug|Any CPU
		{E6BB2FC7-B6DF-4462-9275-FA518068F298}.Release|Any CPU.ActiveCfg = Release|Any CPU
		{E6BB2FC7-B6DF-4462-9275-FA518068F298}.Release|Any CPU.Build.0 = Release|Any CPU
		{E6BB2FC7-B6DF-4462-9275-FA518068F298}.Release|x64.ActiveCfg = Release|Any CPU
		{E6BB2FC7-B6DF-4462-9275-FA518068F298}.Release|x64.Build.0 = Release|Any CPU
		{E6BB2FC7-B6DF-4462-9275-FA518068F298}.Release|x86.ActiveCfg = Release|Any CPU
		{E6BB2FC7-B6DF-4462-9275-FA518068F298}.Release|x86.Build.0 = Release|Any CPU
	EndGlobalSection
EndGlobal
